
Microsoft Visual Studio Solution File, Format Version 12.00
# Visual Studio Version 17
VisualStudioVersion = 17.5.002.0
MinimumVisualStudioVersion = 10.0.40219.1
Project("{9A19103F-16F7-4668-BE54-9A1E7A4F7556}") = "soru3", "soru3.csproj", "{FE3C902D-B9F3-40C7-B646-94A651A524AA}"
EndProject
Global
	GlobalSection(SolutionConfigurationPlatforms) = preSolution
		Debug|Any CPU = Debug|Any CPU
		Release|Any CPU = Release|Any CPU
	EndGlobalSection
	GlobalSection(ProjectConfigurationPlatforms) = postSolution
		{FE3C902D-B9F3-40C7-B646-94A651A524AA}.Debug|Any CPU.ActiveCfg = Debug|Any CPU
		{FE3C902D-B9F3-40C7-B646-94A651A524AA}.Debug|Any CPU.Build.0 = Debug|Any CPU
		{FE3C902D-B9F3-40C7-B646-94A651A524AA}.Release|Any CPU.ActiveCfg = Release|Any CPU
		{FE3C902D-B9F3-40C7-B646-94A651A524AA}.Release|Any CPU.Build.0 = Release|Any CPU
	EndGlobalSection
	GlobalSection(SolutionProperties) = preSolution
		HideSolutionNode = FALSE
	EndGlobalSection
	GlobalSection(ExtensibilityGlobals) = postSolution
		SolutionGuid = {D1B3F471-5833-4680-8694-E6E62223C9A9}
	EndGlobalSection
EndGlobal
